
Microsoft Visual Studio Solution File, Format Version 12.00
# Visual Studio Version 17
VisualStudioVersion = 17.2.32630.192
MinimumVisualStudioVersion = 10.0.40219.1
Project("{FAE04EC0-301F-11D3-BF4B-00C04F79EFBC}") = "Group_Practical_Front_End", "Group_Practical_Front_End\Group_Practical_Front_End.csproj", "{0E88F3B8-C272-4113-AA1F-F5CE99D4917A}"
EndProject
Global
	GlobalSection(SolutionConfigurationPlatforms) = preSolution
		Debug|Any CPU = Debug|Any CPU
		Release|Any CPU = Release|Any CPU
	EndGlobalSection
	GlobalSection(ProjectConfigurationPlatforms) = postSolution
		{0E88F3B8-C272-4113-AA1F-F5CE99D4917A}.Debug|Any CPU.ActiveCfg = Debug|Any CPU
		{0E88F3B8-C272-4113-AA1F-F5CE99D4917A}.Debug|Any CPU.Build.0 = Debug|Any CPU
		{0E88F3B8-C272-4113-AA1F-F5CE99D4917A}.Release|Any CPU.ActiveCfg = Release|Any CPU
		{0E88F3B8-C272-4113-AA1F-F5CE99D4917A}.Release|Any CPU.Build.0 = Release|Any CPU
	EndGlobalSection
	GlobalSection(SolutionProperties) = preSolution
		HideSolutionNode = FALSE
	EndGlobalSection
	GlobalSection(ExtensibilityGlobals) = postSolution
		SolutionGuid = {661FBE72-3C73-453C-A697-EF0F4E99336D}
	EndGlobalSection
EndGlobal
